
Microsoft Visual Studio Solution File, Format Version 12.00
# Visual Studio Version 17
VisualStudioVersion = 17.9.34728.123
MinimumVisualStudioVersion = 10.0.40219.1
Project("{FAE04EC0-301F-11D3-BF4B-00C04F79EFBC}") = "IDZ", "IDZ\IDZ.csproj", "{F7BA6628-BBF5-4448-87B5-16AF7C24EDA0}"
EndProject
Global
	GlobalSection(SolutionConfigurationPlatforms) = preSolution
		Debug|Any CPU = Debug|Any CPU
		Release|Any CPU = Release|Any CPU
	EndGlobalSection
	GlobalSection(ProjectConfigurationPlatforms) = postSolution
		{F7BA6628-BBF5-4448-87B5-16AF7C24EDA0}.Debug|Any CPU.ActiveCfg = Debug|Any CPU
		{F7BA6628-BBF5-4448-87B5-16AF7C24EDA0}.Debug|Any CPU.Build.0 = Debug|Any CPU
		{F7BA6628-BBF5-4448-87B5-16AF7C24EDA0}.Release|Any CPU.ActiveCfg = Release|Any CPU
		{F7BA6628-BBF5-4448-87B5-16AF7C24EDA0}.Release|Any CPU.Build.0 = Release|Any CPU
	EndGlobalSection
	GlobalSection(SolutionProperties) = preSolution
		HideSolutionNode = FALSE
	EndGlobalSection
	GlobalSection(ExtensibilityGlobals) = postSolution
		SolutionGuid = {6464FB91-A7C2-4AF2-AA45-55F4621C4952}
	EndGlobalSection
EndGlobal
